
Microsoft Visual Studio Solution File, Format Version 12.00
# Visual Studio Version 16
VisualStudioVersion = 16.0.34301.259
MinimumVisualStudioVersion = 10.0.40219.1
Project("{FAE04EC0-301F-11D3-BF4B-00C04F79EFBC}") = "Tyuiu.FominPT.Lab1.V20", "Tyuiu.FominPT.Lab1.V20\Tyuiu.FominPT.Lab1.V20.csproj", "{6A7D802E-8122-4136-BFBE-A212D03FE693}"
EndProject
Project("{FAE04EC0-301F-11D3-BF4B-00C04F79EFBC}") = "Tyuiu.FominPT.Lab1.V20.Lib", "Tyuiu.FominPT.Lab1.V20.Lib\Tyuiu.FominPT.Lab1.V20.Lib.csproj", "{736E2599-BFAF-4644-8C5E-715FF43383A0}"
EndProject
Project("{FAE04EC0-301F-11D3-BF4B-00C04F79EFBC}") = "Tyuiu.FominPT.Lab1.V20.Test", "Tyuiu.FominPT.Lab1.V20.Test\Tyuiu.FominPT.Lab1.V20.Test.csproj", "{E7442E8C-49E6-407B-A105-F4F24231D2E1}"
EndProject
Global
	GlobalSection(SolutionConfigurationPlatforms) = preSolution
		Debug|Any CPU = Debug|Any CPU
		Release|Any CPU = Release|Any CPU
	EndGlobalSection
	GlobalSection(ProjectConfigurationPlatforms) = postSolution
		{6A7D802E-8122-4136-BFBE-A212D03FE693}.Debug|Any CPU.ActiveCfg = Debug|Any CPU
		{6A7D802E-8122-4136-BFBE-A212D03FE693}.Debug|Any CPU.Build.0 = Debug|Any CPU
		{6A7D802E-8122-4136-BFBE-A212D03FE693}.Release|Any CPU.ActiveCfg = Release|Any CPU
		{6A7D802E-8122-4136-BFBE-A212D03FE693}.Release|Any CPU.Build.0 = Release|Any CPU
		{736E2599-BFAF-4644-8C5E-715FF43383A0}.Debug|Any CPU.ActiveCfg = Debug|Any CPU
		{736E2599-BFAF-4644-8C5E-715FF43383A0}.Debug|Any CPU.Build.0 = Debug|Any CPU
		{736E2599-BFAF-4644-8C5E-715FF43383A0}.Release|Any CPU.ActiveCfg = Release|Any CPU
		{736E2599-BFAF-4644-8C5E-715FF43383A0}.Release|Any CPU.Build.0 = Release|Any CPU
		{E7442E8C-49E6-407B-A105-F4F24231D2E1}.Debug|Any CPU.ActiveCfg = Debug|Any CPU
		{E7442E8C-49E6-407B-A105-F4F24231D2E1}.Debug|Any CPU.Build.0 = Debug|Any CPU
		{E7442E8C-49E6-407B-A105-F4F24231D2E1}.Release|Any CPU.ActiveCfg = Release|Any CPU
		{E7442E8C-49E6-407B-A105-F4F24231D2E1}.Release|Any CPU.Build.0 = Release|Any CPU
	EndGlobalSection
	GlobalSection(SolutionProperties) = preSolution
		HideSolutionNode = FALSE
	EndGlobalSection
	GlobalSection(ExtensibilityGlobals) = postSolution
		SolutionGuid = {FF42E62A-9C84-4A8D-A27D-3571FAF0CC85}
	EndGlobalSection
EndGlobal
